// !$*UTF8*$!
{
	archiveVersion = 1;
	classes = {
	};
	objectVersion = 46;
	objects = {

/* Begin PBXBuildFile section */
		18F3A63D1ECE18070016CB55 /* AppDelegate.swift in Sources */ = {isa = PBXBuildFile; fileRef = 18F3A63C1ECE18070016CB55 /* AppDelegate.swift */; };
		18F3A63F1ECE18070016CB55 /* ViewController.swift in Sources */ = {isa = PBXBuildFile; fileRef = 18F3A63E1ECE18070016CB55 /* ViewController.swift */; };
		18F3A6421ECE18070016CB55 /* Main.storyboard in Resources */ = {isa = PBXBuildFile; fileRef = 18F3A6401ECE18070016CB55 /* Main.storyboard */; };
		18F3A6441ECE18070016CB55 /* Assets.xcassets in Resources */ = {isa = PBXBuildFile; fileRef = 18F3A6431ECE18070016CB55 /* Assets.xcassets */; };
		18F3A6471ECE18070016CB55 /* LaunchScreen.storyboard in Resources */ = {isa = PBXBuildFile; fileRef = 18F3A6451ECE18070016CB55 /* LaunchScreen.storyboard */; };
		18F3A6521ECE18070016CB55 /* QuickTests.swift in Sources */ = {isa = PBXBuildFile; fileRef = 18F3A6511ECE18070016CB55 /* QuickTests.swift */; };
		18F3A65D1ECE18070016CB55 /* QuickUITests.swift in Sources */ = {isa = PBXBuildFile; fileRef = 18F3A65C1ECE18070016CB55 /* QuickUITests.swift */; };
/* End PBXBuildFile section */

/* Begin PBXContainerItemProxy section */
		18F3A64E1ECE18070016CB55 /* PBXContainerItemProxy */ = {
			isa = PBXContainerItemProxy;
			containerPortal = 18F3A6311ECE18070016CB55 /* Project object */;
			proxyType = 1;
			remoteGlobalIDString = 18F3A6381ECE18070016CB55;
			remoteInfo = Quick;
		};
		18F3A6591ECE18070016CB55 /* PBXContainerItemProxy */ = {
			isa = PBXContainerItemProxy;
			containerPortal = 18F3A6311ECE18070016CB55 /* Project object */;
			proxyType = 1;
			remoteGlobalIDString = 18F3A6381ECE18070016CB55;
			remoteInfo = Quick;
		};
/* End PBXContainerItemProxy section */

/* Begin PBXFileReference section */
		18F3A6391ECE18070016CB55 /* Quick.app */ = {isa = PBXFileReference; explicitFileType = wrapper.application; includeInIndex = 0; path = Quick.app; sourceTree = BUILT_PRODUCTS_DIR; };
		18F3A63C1ECE18070016CB55 /* AppDelegate.swift */ = {isa = PBXFileReference; lastKnownFileType = sourcecode.swift; path = AppDelegate.swift; sourceTree = "<group>"; };
		18F3A63E1ECE18070016CB55 /* ViewController.swift */ = {isa = PBXFileReference; lastKnownFileType = sourcecode.swift; path = ViewController.swift; sourceTree = "<group>"; };
		18F3A6411ECE18070016CB55 /* Base */ = {isa = PBXFileReference; lastKnownFileType = file.storyboard; name = Base; path = Base.lproj/Main.storyboard; sourceTree = "<group>"; };
		18F3A6431ECE18070016CB55 /* Assets.xcassets */ = {isa = PBXFileReference; lastKnownFileType = folder.assetcatalog; path = Assets.xcassets; sourceTree = "<group>"; };
		18F3A6461ECE18070016CB55 /* Base */ = {isa = PBXFileReference; lastKnownFileType = file.storyboard; name = Base; path = Base.lproj/LaunchScreen.storyboard; sourceTree = "<group>"; };
		18F3A6481ECE18070016CB55 /* Info.plist */ = {isa = PBXFileReference; lastKnownFileType = text.plist.xml; path = Info.plist; sourceTree = "<group>"; };
		18F3A64D1ECE18070016CB55 /* QuickTests.xctest */ = {isa = PBXFileReference; explicitFileType = wrapper.cfbundle; includeInIndex = 0; path = QuickTests.xctest; sourceTree = BUILT_PRODUCTS_DIR; };
		18F3A6511ECE18070016CB55 /* QuickTests.swift */ = {isa = PBXFileReference; lastKnownFileType = sourcecode.swift; path = QuickTests.swift; sourceTree = "<group>"; };
		18F3A6531ECE18070016CB55 /* Info.plist */ = {isa = PBXFileReference; lastKnownFileType = text.plist.xml; path = Info.plist; sourceTree = "<group>"; };
		18F3A6581ECE18070016CB55 /* QuickUITests.xctest */ = {isa = PBXFileReference; explicitFileType = wrapper.cfbundle; includeInIndex = 0; path = QuickUITests.xctest; sourceTree = BUILT_PRODUCTS_DIR; };
		18F3A65C1ECE18070016CB55 /* QuickUITests.swift */ = {isa = PBXFileReference; lastKnownFileType = sourcecode.swift; path = QuickUITests.swift; sourceTree = "<group>"; };
		18F3A65E1ECE18070016CB55 /* Info.plist */ = {isa = PBXFileReference; lastKnownFileType = text.plist.xml; path = Info.plist; sourceTree = "<group>"; };
/* End PBXFileReference section */

/* Begin PBXFrameworksBuildPhase section */
		18F3A6361ECE18070016CB55 /* Frameworks */ = {
			isa = PBXFrameworksBuildPhase;
			buildActionMask = 2147483647;
			files = (
			);
			runOnlyForDeploymentPostprocessing = 0;
		};
		18F3A64A1ECE18070016CB55 /* Frameworks */ = {
			isa = PBXFrameworksBuildPhase;
			buildActionMask = 2147483647;
			files = (
			);
			runOnlyForDeploymentPostprocessing = 0;
		};
		18F3A6551ECE18070016CB55 /* Frameworks */ = {
			isa = PBXFrameworksBuildPhase;
			buildActionMask = 2147483647;
			files = (
			);
			runOnlyForDeploymentPostprocessing = 0;
		};
/* End PBXFrameworksBuildPhase section */

/* Begin PBXGroup section */
		18F3A6301ECE18070016CB55 = {
			isa = PBXGroup;
			children = (
				18F3A63B1ECE18070016CB55 /* Quick */,
				18F3A6501ECE18070016CB55 /* QuickTests */,
				18F3A65B1ECE18070016CB55 /* QuickUITests */,
				18F3A63A1ECE18070016CB55 /* Products */,
			);
			sourceTree = "<group>";
		};
		18F3A63A1ECE18070016CB55 /* Products */ = {
			isa = PBXGroup;
			children = (
				18F3A6391ECE18070016CB55 /* Quick.app */,
				18F3A64D1ECE18070016CB55 /* QuickTests.xctest */,
				18F3A6581ECE18070016CB55 /* QuickUITests.xctest */,
			);
			name = Products;
			sourceTree = "<group>";
		};
		18F3A63B1ECE18070016CB55 /* Quick */ = {
			isa = PBXGroup;
			children = (
				18F3A63C1ECE18070016CB55 /* AppDelegate.swift */,
				18F3A63E1ECE18070016CB55 /* ViewController.swift */,
				18F3A6401ECE18070016CB55 /* Main.storyboard */,
				18F3A6431ECE18070016CB55 /* Assets.xcassets */,
				18F3A6451ECE18070016CB55 /* LaunchScreen.storyboard */,
				18F3A6481ECE18070016CB55 /* Info.plist */,
			);
			path = Quick;
			sourceTree = "<group>";
		};
		18F3A6501ECE18070016CB55 /* QuickTests */ = {
			isa = PBXGroup;
			children = (
				18F3A6511ECE18070016CB55 /* QuickTests.swift */,
				18F3A6531ECE18070016CB55 /* Info.plist */,
			);
			path = QuickTests;
			sourceTree = "<group>";
		};
		18F3A65B1ECE18070016CB55 /* QuickUITests */ = {
			isa = PBXGroup;
			children = (
				18F3A65C1ECE18070016CB55 /* QuickUITests.swift */,
				18F3A65E1ECE18070016CB55 /* Info.plist */,
			);
			path = QuickUITests;
			sourceTree = "<group>";
		};
/* End PBXGroup section */

/* Begin PBXNativeTarget section */
		18F3A6381ECE18070016CB55 /* Quick */ = {
			isa = PBXNativeTarget;
			buildConfigurationList = 18F3A6611ECE18070016CB55 /* Build configuration list for PBXNativeTarget "Quick" */;
			buildPhases = (
				18F3A6351ECE18070016CB55 /* Sources */,
				18F3A6361ECE18070016CB55 /* Frameworks */,
				18F3A6371ECE18070016CB55 /* Resources */,
			);
			buildRules = (
			);
			dependencies = (
			);
			name = Quick;
			productName = Quick;
			productReference = 18F3A6391ECE18070016CB55 /* Quick.app */;
			productType = "com.apple.product-type.application";
		};
		18F3A64C1ECE18070016CB55 /* QuickTests */ = {
			isa = PBXNativeTarget;
			buildConfigurationList = 18F3A6641ECE18070016CB55 /* Build configuration list for PBXNativeTarget "QuickTests" */;
			buildPhases = (
				18F3A6491ECE18070016CB55 /* Sources */,
				18F3A64A1ECE18070016CB55 /* Frameworks */,
				18F3A64B1ECE18070016CB55 /* Resources */,
			);
			buildRules = (
			);
			dependencies = (
				18F3A64F1ECE18070016CB55 /* PBXTargetDependency */,
			);
			name = QuickTests;
			productName = QuickTests;
			productReference = 18F3A64D1ECE18070016CB55 /* QuickTests.xctest */;
			productType = "com.apple.product-type.bundle.unit-test";
		};
		18F3A6571ECE18070016CB55 /* QuickUITests */ = {
			isa = PBXNativeTarget;
			buildConfigurationList = 18F3A6671ECE18070016CB55 /* Build configuration list for PBXNativeTarget "QuickUITests" */;
			buildPhases = (
				18F3A6541ECE18070016CB55 /* Sources */,
				18F3A6551ECE18070016CB55 /* Frameworks */,
				18F3A6561ECE18070016CB55 /* Resources */,
			);
			buildRules = (
			);
			dependencies = (
				18F3A65A1ECE18070016CB55 /* PBXTargetDependency */,
			);
			name = QuickUITests;
			productName = QuickUITests;
			productReference = 18F3A6581ECE18070016CB55 /* QuickUITests.xctest */;
			productType = "com.apple.product-type.bundle.ui-testing";
		};
/* End PBXNativeTarget section */

/* Begin PBXProject section */
		18F3A6311ECE18070016CB55 /* Project object */ = {
			isa = PBXProject;
			attributes = {
				LastSwiftUpdateCheck = 0830;
				LastUpgradeCheck = 0830;
				ORGANIZATIONNAME = Apple;
				TargetAttributes = {
					18F3A6381ECE18070016CB55 = {
						CreatedOnToolsVersion = 8.3.2;
						ProvisioningStyle = Automatic;
					};
					18F3A64C1ECE18070016CB55 = {
						CreatedOnToolsVersion = 8.3.2;
						ProvisioningStyle = Automatic;
						TestTargetID = 18F3A6381ECE18070016CB55;
					};
					18F3A6571ECE18070016CB55 = {
						CreatedOnToolsVersion = 8.3.2;
						ProvisioningStyle = Automatic;
						TestTargetID = 18F3A6381ECE18070016CB55;
					};
				};
			};
			buildConfigurationList = 18F3A6341ECE18070016CB55 /* Build configuration list for PBXProject "Quick" */;
			compatibilityVersion = "Xcode 3.2";
			developmentRegion = English;
			hasScannedForEncodings = 0;
			knownRegions = (
				en,
				Base,
			);
			mainGroup = 18F3A6301ECE18070016CB55;
			productRefGroup = 18F3A63A1ECE18070016CB55 /* Products */;
			projectDirPath = "";
			projectRoot = "";
			targets = (
				18F3A6381ECE18070016CB55 /* Quick */,
				18F3A64C1ECE18070016CB55 /* QuickTests */,
				18F3A6571ECE18070016CB55 /* QuickUITests */,
			);
		};
/* End PBXProject section */

/* Begin PBXResourcesBuildPhase section */
		18F3A6371ECE18070016CB55 /* Resources */ = {
			isa = PBXResourcesBuildPhase;
			buildActionMask = 2147483647;
			files = (
				18F3A6471ECE18070016CB55 /* LaunchScreen.storyboard in Resources */,
				18F3A6441ECE18070016CB55 /* Assets.xcassets in Resources */,
				18F3A6421ECE18070016CB55 /* Main.storyboard in Resources */,
			);
			runOnlyForDeploymentPostprocessing = 0;
		};
		18F3A64B1ECE18070016CB55 /* Resources */ = {
			isa = PBXResourcesBuildPhase;
			buildActionMask = 2147483647;
			files = (
			);
			runOnlyForDeploymentPostprocessing = 0;
		};
		18F3A6561ECE18070016CB55 /* Resources */ = {
			isa = PBXResourcesBuildPhase;
			buildActionMask = 2147483647;
			files = (
			);
			runOnlyForDeploymentPostprocessing = 0;
		};
/* End PBXResourcesBuildPhase section */

/* Begin PBXSourcesBuildPhase section */
		18F3A6351ECE18070016CB55 /* Sources */ = {
			isa = PBXSourcesBuildPhase;
			buildActionMask = 2147483647;
			files = (
				18F3A63F1ECE18070016CB55 /* ViewController.swift in Sources */,
				18F3A63D1ECE18070016CB55 /* AppDelegate.swift in Sources */,
			);
			runOnlyForDeploymentPostprocessing = 0;
		};
		18F3A6491ECE18070016CB55 /* Sources */ = {
			isa = PBXSourcesBuildPhase;
			buildActionMask = 2147483647;
			files = (
				18F3A6521ECE18070016CB55 /* QuickTests.swift in Sources */,
			);
			runOnlyForDeploymentPostprocessing = 0;
		};
		18F3A6541ECE18070016CB55 /* Sources */ = {
			isa = PBXSourcesBuildPhase;
			buildActionMask = 2147483647;
			files = (
				18F3A65D1ECE18070016CB55 /* QuickUITests.swift in Sources */,
			);
			runOnlyForDeploymentPostprocessing = 0;
		};
/* End PBXSourcesBuildPhase section */

/* Begin PBXTargetDependency section */
		18F3A64F1ECE18070016CB55 /* PBXTargetDependency */ = {
			isa = PBXTargetDependency;
			target = 18F3A6381ECE18070016CB55 /* Quick */;
			targetProxy = 18F3A64E1ECE18070016CB55 /* PBXContainerItemProxy */;
		};
		18F3A65A1ECE18070016CB55 /* PBXTargetDependency */ = {
			isa = PBXTargetDependency;
			target = 18F3A6381ECE18070016CB55 /* Quick */;
			targetProxy = 18F3A6591ECE18070016CB55 /* PBXContainerItemProxy */;
		};
/* End PBXTargetDependency section */

/* Begin PBXVariantGroup section */
		18F3A6401ECE18070016CB55 /* Main.storyboard */ = {
			isa = PBXVariantGroup;
			children = (
				18F3A6411ECE18070016CB55 /* Base */,
			);
			name = Main.storyboard;
			sourceTree = "<group>";
		};
		18F3A6451ECE18070016CB55 /* LaunchScreen.storyboard */ = {
			isa = PBXVariantGroup;
			children = (
				18F3A6461ECE18070016CB55 /* Base */,
			);
			name = LaunchScreen.storyboard;
			sourceTree = "<group>";
		};
/* End PBXVariantGroup section */

/* Begin XCBuildConfiguration section */
		18F3A65F1ECE18070016CB55 /* Debug */ = {
			isa = XCBuildConfiguration;
			buildSettings = {
				ALWAYS_SEARCH_USER_PATHS = NO;
				CLANG_ANALYZER_NONNULL = YES;
				CLANG_ANALYZER_NUMBER_OBJECT_CONVERSION = YES_AGGRESSIVE;
				CLANG_CXX_LANGUAGE_STANDARD = "gnu++0x";
				CLANG_CXX_LIBRARY = "libc++";
				CLANG_ENABLE_MODULES = YES;
				CLANG_ENABLE_OBJC_ARC = YES;
				CLANG_WARN_BOOL_CONVERSION = YES;
				CLANG_WARN_CONSTANT_CONVERSION = YES;
				CLANG_WARN_DIRECT_OBJC_ISA_USAGE = YES_ERROR;
				CLANG_WARN_DOCUMENTATION_COMMENTS = YES;
				CLANG_WARN_EMPTY_BODY = YES;
				CLANG_WARN_ENUM_CONVERSION = YES;
				CLANG_WARN_INFINITE_RECURSION = YES;
				CLANG_WARN_INT_CONVERSION = YES;
				CLANG_WARN_OBJC_ROOT_CLASS = YES_ERROR;
				CLANG_WARN_SUSPICIOUS_MOVE = YES;
				CLANG_WARN_UNREACHABLE_CODE = YES;
				CLANG_WARN__DUPLICATE_METHOD_MATCH = YES;
				"CODE_SIGN_IDENTITY[sdk=iphoneos*]" = "iPhone Developer";
				COPY_PHASE_STRIP = NO;
				DEBUG_INFORMATION_FORMAT = dwarf;
				ENABLE_STRICT_OBJC_MSGSEND = YES;
				ENABLE_TESTABILITY = YES;
				GCC_C_LANGUAGE_STANDARD = gnu99;
				GCC_DYNAMIC_NO_PIC = NO;
				GCC_NO_COMMON_BLOCKS = YES;
				GCC_OPTIMIZATION_LEVEL = 0;
				GCC_PREPROCESSOR_DEFINITIONS = (
					"DEBUG=1",
					"$(inherited)",
				);
				GCC_WARN_64_TO_32_BIT_CONVERSION = YES;
				GCC_WARN_ABOUT_RETURN_TYPE = YES_ERROR;
				GCC_WARN_UNDECLARED_SELECTOR = YES;
				GCC_WARN_UNINITIALIZED_AUTOS = YES_AGGRESSIVE;
				GCC_WARN_UNUSED_FUNCTION = YES;
				GCC_WARN_UNUSED_VARIABLE = YES;
				IPHONEOS_DEPLOYMENT_TARGET = 10.3;
				MTL_ENABLE_DEBUG_INFO = YES;
				ONLY_ACTIVE_ARCH = YES;
				SDKROOT = iphoneos;
				SWIFT_ACTIVE_COMPILATION_CONDITIONS = DEBUG;
				SWIFT_OPTIMIZATION_LEVEL = "-Onone";
				TARGETED_DEVICE_FAMILY = "1,2";
			};
			name = Debug;
		};
		18F3A6601ECE18070016CB55 /* Release */ = {
			isa = XCBuildConfiguration;
			buildSettings = {
				ALWAYS_SEARCH_USER_PATHS = NO;
				CLANG_ANALYZER_NONNULL = YES;
				CLANG_ANALYZER_NUMBER_OBJECT_CONVERSION = YES_AGGRESSIVE;
				CLANG_CXX_LANGUAGE_STANDARD = "gnu++0x";
				CLANG_CXX_LIBRARY = "libc++";
				CLANG_ENABLE_MODULES = YES;
				CLANG_ENABLE_OBJC_ARC = YES;
				CLANG_WARN_BOOL_CONVERSION = YES;
				CLANG_WARN_CONSTANT_CONVERSION = YES;
				CLANG_WARN_DIRECT_OBJC_ISA_USAGE = YES_ERROR;
				CLANG_WARN_DOCUMENTATION_COMMENTS = YES;
				CLANG_WARN_EMPTY_BODY = YES;
				CLANG_WARN_ENUM_CONVERSION = YES;
				CLANG_WARN_INFINITE_RECURSION = YES;
				CLANG_WARN_INT_CONVERSION = YES;
				CLANG_WARN_OBJC_ROOT_CLASS = YES_ERROR;
				CLANG_WARN_SUSPICIOUS_MOVE = YES;
				CLANG_WARN_UNREACHABLE_CODE = YES;
				CLANG_WARN__DUPLICATE_METHOD_MATCH = YES;
				"CODE_SIGN_IDENTITY[sdk=iphoneos*]" = "iPhone Developer";
				COPY_PHASE_STRIP = NO;
				DEBUG_INFORMATION_FORMAT = "dwarf-with-dsym";
				ENABLE_NS_ASSERTIONS = NO;
				ENABLE_STRICT_OBJC_MSGSEND = YES;
				GCC_C_LANGUAGE_STANDARD = gnu99;
				GCC_NO_COMMON_BLOCKS = YES;
				GCC_WARN_64_TO_32_BIT_CONVERSION = YES;
				GCC_WARN_ABOUT_RETURN_TYPE = YES_ERROR;
				GCC_WARN_UNDECLARED_SELECTOR = YES;
				GCC_WARN_UNINITIALIZED_AUTOS = YES_AGGRESSIVE;
				GCC_WARN_UNUSED_FUNCTION = YES;
				GCC_WARN_UNUSED_VARIABLE = YES;
				IPHONEOS_DEPLOYMENT_TARGET = 10.3;
				MTL_ENABLE_DEBUG_INFO = NO;
				SDKROOT = iphoneos;
				SWIFT_OPTIMIZATION_LEVEL = "-Owholemodule";
				TARGETED_DEVICE_FAMILY = "1,2";
				VALIDATE_PRODUCT = YES;
			};
			name = Release;
		};
		18F3A6621ECE18070016CB55 /* Debug */ = {
			isa = XCBuildConfiguration;
			buildSettings = {
				ASSETCATALOG_COMPILER_APPICON_NAME = AppIcon;
				INFOPLIST_FILE = Quick/Info.plist;
				LD_RUNPATH_SEARCH_PATHS = "$(inherited) @executable_path/Frameworks";
				PRODUCT_BUNDLE_IDENTIFIER = TMCF.Quick;
				PRODUCT_NAME = "$(TARGET_NAME)";
				SWIFT_VERSION = 3.0;
			};
			name = Debug;
		};
		18F3A6631ECE18070016CB55 /* Release */ = {
			isa = XCBuildConfiguration;
			buildSettings = {
				ASSETCATALOG_COMPILER_APPICON_NAME = AppIcon;
				INFOPLIST_FILE = Quick/Info.plist;
				LD_RUNPATH_SEARCH_PATHS = "$(inherited) @executable_path/Frameworks";
				PRODUCT_BUNDLE_IDENTIFIER = TMCF.Quick;
				PRODUCT_NAME = "$(TARGET_NAME)";
				SWIFT_VERSION = 3.0;
			};
			name = Release;
		};
		18F3A6651ECE18070016CB55 /* Debug */ = {
			isa = XCBuildConfiguration;
			buildSettings = {
				ALWAYS_EMBED_SWIFT_STANDARD_LIBRARIES = YES;
				BUNDLE_LOADER = "$(TEST_HOST)";
				INFOPLIST_FILE = QuickTests/Info.plist;
				LD_RUNPATH_SEARCH_PATHS = "$(inherited) @executable_path/Frameworks @loader_path/Frameworks";
				PRODUCT_BUNDLE_IDENTIFIER = TMCF.QuickTests;
				PRODUCT_NAME = "$(TARGET_NAME)";
				SWIFT_VERSION = 3.0;
				TEST_HOST = "$(BUILT_PRODUCTS_DIR)/Quick.app/Quick";
			};
			name = Debug;
		};
		18F3A6661ECE18070016CB55 /* Release */ = {
			isa = XCBuildConfiguration;
			buildSettings = {
				ALWAYS_EMBED_SWIFT_STANDARD_LIBRARIES = YES;
				BUNDLE_LOADER = "$(TEST_HOST)";
				INFOPLIST_FILE = QuickTests/Info.plist;
				LD_RUNPATH_SEARCH_PATHS = "$(inherited) @executable_path/Frameworks @loader_path/Frameworks";
				PRODUCT_BUNDLE_IDENTIFIER = TMCF.QuickTests;
				PRODUCT_NAME = "$(TARGET_NAME)";
				SWIFT_VERSION = 3.0;
				TEST_HOST = "$(BUILT_PRODUCTS_DIR)/Quick.app/Quick";
			};
			name = Release;
		};
		18F3A6681ECE18070016CB55 /* Debug */ = {
			isa = XCBuildConfiguration;
			buildSettings = {
				ALWAYS_EMBED_SWIFT_STANDARD_LIBRARIES = YES;
				INFOPLIST_FILE = QuickUITests/Info.plist;
				LD_RUNPATH_SEARCH_PATHS = "$(inherited) @executable_path/Frameworks @loader_path/Frameworks";
				PRODUCT_BUNDLE_IDENTIFIER = TMCF.QuickUITests;
				PRODUCT_NAME = "$(TARGET_NAME)";
				SWIFT_VERSION = 3.0;
				TEST_TARGET_NAME = Quick;
			};
			name = Debug;
		};
		18F3A6691ECE18070016CB55 /* Release */ = {
			isa = XCBuildConfiguration;
			buildSettings = {
				ALWAYS_EMBED_SWIFT_STANDARD_LIBRARIES = YES;
				INFOPLIST_FILE = QuickUITests/Info.plist;
				LD_RUNPATH_SEARCH_PATHS = "$(inherited) @executable_path/Frameworks @loader_path/Frameworks";
				PRODUCT_BUNDLE_IDENTIFIER = TMCF.QuickUITests;
				PRODUCT_NAME = "$(TARGET_NAME)";
				SWIFT_VERSION = 3.0;
				TEST_TARGET_NAME = Quick;
			};
			name = Release;
		};
/* End XCBuildConfiguration section */

/* Begin XCConfigurationList section */
		18F3A6341ECE18070016CB55 /* Build configuration list for PBXProject "Quick" */ = {
			isa = XCConfigurationList;
			buildConfigurations = (
				18F3A65F1ECE18070016CB55 /* Debug */,
				18F3A6601ECE18070016CB55 /* Release */,
			);
			defaultConfigurationIsVisible = 0;
			defaultConfigurationName = Release;
		};
		18F3A6611ECE18070016CB55 /* Build configuration list for PBXNativeTarget "Quick" */ = {
			isa = XCConfigurationList;
			buildConfigurations = (
				18F3A6621ECE18070016CB55 /* Debug */,
				18F3A6631ECE18070016CB55 /* Release */,
			);
			defaultConfigurationIsVisible = 0;
		};
		18F3A6641ECE18070016CB55 /* Build configuration list for PBXNativeTarget "QuickTests" */ = {
			isa = XCConfigurationList;
			buildConfigurations = (
				18F3A6651ECE18070016CB55 /* Debug */,
				18F3A6661ECE18070016CB55 /* Release */,
			);
			defaultConfigurationIsVisible = 0;
		};
		18F3A6671ECE18070016CB55 /* Build configuration list for PBXNativeTarget "QuickUITests" */ = {
			isa = XCConfigurationList;
			buildConfigurations = (
				18F3A6681ECE18070016CB55 /* Debug */,
				18F3A6691ECE18070016CB55 /* Release */,
			);
			defaultConfigurationIsVisible = 0;
		};
/* End XCConfigurationList section */
	};
	rootObject = 18F3A6311ECE18070016CB55 /* Project object */;
}
