// !$*UTF8*$!
{
	archiveVersion = 1;
	classes = {
	};
	objectVersion = 46;
	objects = {

/* Begin PBXBuildFile section */
		18F3A6B11ECE8A140016CB55 /* AppDelegate.swift in Sources */ = {isa = PBXBuildFile; fileRef = 18F3A6B01ECE8A140016CB55 /* AppDelegate.swift */; };
		18F3A6B31ECE8A140016CB55 /* ViewController.swift in Sources */ = {isa = PBXBuildFile; fileRef = 18F3A6B21ECE8A140016CB55 /* ViewController.swift */; };
		18F3A6B61ECE8A140016CB55 /* Main.storyboard in Resources */ = {isa = PBXBuildFile; fileRef = 18F3A6B41ECE8A140016CB55 /* Main.storyboard */; };
		18F3A6B81ECE8A140016CB55 /* Assets.xcassets in Resources */ = {isa = PBXBuildFile; fileRef = 18F3A6B71ECE8A140016CB55 /* Assets.xcassets */; };
		18F3A6BB1ECE8A140016CB55 /* LaunchScreen.storyboard in Resources */ = {isa = PBXBuildFile; fileRef = 18F3A6B91ECE8A140016CB55 /* LaunchScreen.storyboard */; };
		18F3A6C61ECE8A140016CB55 /* testCameraTests.swift in Sources */ = {isa = PBXBuildFile; fileRef = 18F3A6C51ECE8A140016CB55 /* testCameraTests.swift */; };
		18F3A6D11ECE8A140016CB55 /* testCameraUITests.swift in Sources */ = {isa = PBXBuildFile; fileRef = 18F3A6D01ECE8A140016CB55 /* testCameraUITests.swift */; };
/* End PBXBuildFile section */

/* Begin PBXContainerItemProxy section */
		18F3A6C21ECE8A140016CB55 /* PBXContainerItemProxy */ = {
			isa = PBXContainerItemProxy;
			containerPortal = 18F3A6A51ECE8A140016CB55 /* Project object */;
			proxyType = 1;
			remoteGlobalIDString = 18F3A6AC1ECE8A140016CB55;
			remoteInfo = testCamera;
		};
		18F3A6CD1ECE8A140016CB55 /* PBXContainerItemProxy */ = {
			isa = PBXContainerItemProxy;
			containerPortal = 18F3A6A51ECE8A140016CB55 /* Project object */;
			proxyType = 1;
			remoteGlobalIDString = 18F3A6AC1ECE8A140016CB55;
			remoteInfo = testCamera;
		};
/* End PBXContainerItemProxy section */

/* Begin PBXFileReference section */
		18F3A6AD1ECE8A140016CB55 /* testCamera.app */ = {isa = PBXFileReference; explicitFileType = wrapper.application; includeInIndex = 0; path = testCamera.app; sourceTree = BUILT_PRODUCTS_DIR; };
		18F3A6B01ECE8A140016CB55 /* AppDelegate.swift */ = {isa = PBXFileReference; lastKnownFileType = sourcecode.swift; path = AppDelegate.swift; sourceTree = "<group>"; };
		18F3A6B21ECE8A140016CB55 /* ViewController.swift */ = {isa = PBXFileReference; lastKnownFileType = sourcecode.swift; path = ViewController.swift; sourceTree = "<group>"; };
		18F3A6B51ECE8A140016CB55 /* Base */ = {isa = PBXFileReference; lastKnownFileType = file.storyboard; name = Base; path = Base.lproj/Main.storyboard; sourceTree = "<group>"; };
		18F3A6B71ECE8A140016CB55 /* Assets.xcassets */ = {isa = PBXFileReference; lastKnownFileType = folder.assetcatalog; path = Assets.xcassets; sourceTree = "<group>"; };
		18F3A6BA1ECE8A140016CB55 /* Base */ = {isa = PBXFileReference; lastKnownFileType = file.storyboard; name = Base; path = Base.lproj/LaunchScreen.storyboard; sourceTree = "<group>"; };
		18F3A6BC1ECE8A140016CB55 /* Info.plist */ = {isa = PBXFileReference; lastKnownFileType = text.plist.xml; path = Info.plist; sourceTree = "<group>"; };
		18F3A6C11ECE8A140016CB55 /* testCameraTests.xctest */ = {isa = PBXFileReference; explicitFileType = wrapper.cfbundle; includeInIndex = 0; path = testCameraTests.xctest; sourceTree = BUILT_PRODUCTS_DIR; };
		18F3A6C51ECE8A140016CB55 /* testCameraTests.swift */ = {isa = PBXFileReference; lastKnownFileType = sourcecode.swift; path = testCameraTests.swift; sourceTree = "<group>"; };
		18F3A6C71ECE8A140016CB55 /* Info.plist */ = {isa = PBXFileReference; lastKnownFileType = text.plist.xml; path = Info.plist; sourceTree = "<group>"; };
		18F3A6CC1ECE8A140016CB55 /* testCameraUITests.xctest */ = {isa = PBXFileReference; explicitFileType = wrapper.cfbundle; includeInIndex = 0; path = testCameraUITests.xctest; sourceTree = BUILT_PRODUCTS_DIR; };
		18F3A6D01ECE8A140016CB55 /* testCameraUITests.swift */ = {isa = PBXFileReference; lastKnownFileType = sourcecode.swift; path = testCameraUITests.swift; sourceTree = "<group>"; };
		18F3A6D21ECE8A140016CB55 /* Info.plist */ = {isa = PBXFileReference; lastKnownFileType = text.plist.xml; path = Info.plist; sourceTree = "<group>"; };
/* End PBXFileReference section */

/* Begin PBXFrameworksBuildPhase section */
		18F3A6AA1ECE8A140016CB55 /* Frameworks */ = {
			isa = PBXFrameworksBuildPhase;
			buildActionMask = 2147483647;
			files = (
			);
			runOnlyForDeploymentPostprocessing = 0;
		};
		18F3A6BE1ECE8A140016CB55 /* Frameworks */ = {
			isa = PBXFrameworksBuildPhase;
			buildActionMask = 2147483647;
			files = (
			);
			runOnlyForDeploymentPostprocessing = 0;
		};
		18F3A6C91ECE8A140016CB55 /* Frameworks */ = {
			isa = PBXFrameworksBuildPhase;
			buildActionMask = 2147483647;
			files = (
			);
			runOnlyForDeploymentPostprocessing = 0;
		};
/* End PBXFrameworksBuildPhase section */

/* Begin PBXGroup section */
		18F3A6A41ECE8A140016CB55 = {
			isa = PBXGroup;
			children = (
				18F3A6AF1ECE8A140016CB55 /* testCamera */,
				18F3A6C41ECE8A140016CB55 /* testCameraTests */,
				18F3A6CF1ECE8A140016CB55 /* testCameraUITests */,
				18F3A6AE1ECE8A140016CB55 /* Products */,
			);
			sourceTree = "<group>";
		};
		18F3A6AE1ECE8A140016CB55 /* Products */ = {
			isa = PBXGroup;
			children = (
				18F3A6AD1ECE8A140016CB55 /* testCamera.app */,
				18F3A6C11ECE8A140016CB55 /* testCameraTests.xctest */,
				18F3A6CC1ECE8A140016CB55 /* testCameraUITests.xctest */,
			);
			name = Products;
			sourceTree = "<group>";
		};
		18F3A6AF1ECE8A140016CB55 /* testCamera */ = {
			isa = PBXGroup;
			children = (
				18F3A6B01ECE8A140016CB55 /* AppDelegate.swift */,
				18F3A6B21ECE8A140016CB55 /* ViewController.swift */,
				18F3A6B41ECE8A140016CB55 /* Main.storyboard */,
				18F3A6B71ECE8A140016CB55 /* Assets.xcassets */,
				18F3A6B91ECE8A140016CB55 /* LaunchScreen.storyboard */,
				18F3A6BC1ECE8A140016CB55 /* Info.plist */,
			);
			path = testCamera;
			sourceTree = "<group>";
		};
		18F3A6C41ECE8A140016CB55 /* testCameraTests */ = {
			isa = PBXGroup;
			children = (
				18F3A6C51ECE8A140016CB55 /* testCameraTests.swift */,
				18F3A6C71ECE8A140016CB55 /* Info.plist */,
			);
			path = testCameraTests;
			sourceTree = "<group>";
		};
		18F3A6CF1ECE8A140016CB55 /* testCameraUITests */ = {
			isa = PBXGroup;
			children = (
				18F3A6D01ECE8A140016CB55 /* testCameraUITests.swift */,
				18F3A6D21ECE8A140016CB55 /* Info.plist */,
			);
			path = testCameraUITests;
			sourceTree = "<group>";
		};
/* End PBXGroup section */

/* Begin PBXNativeTarget section */
		18F3A6AC1ECE8A140016CB55 /* testCamera */ = {
			isa = PBXNativeTarget;
			buildConfigurationList = 18F3A6D51ECE8A140016CB55 /* Build configuration list for PBXNativeTarget "testCamera" */;
			buildPhases = (
				18F3A6A91ECE8A140016CB55 /* Sources */,
				18F3A6AA1ECE8A140016CB55 /* Frameworks */,
				18F3A6AB1ECE8A140016CB55 /* Resources */,
			);
			buildRules = (
			);
			dependencies = (
			);
			name = testCamera;
			productName = testCamera;
			productReference = 18F3A6AD1ECE8A140016CB55 /* testCamera.app */;
			productType = "com.apple.product-type.application";
		};
		18F3A6C01ECE8A140016CB55 /* testCameraTests */ = {
			isa = PBXNativeTarget;
			buildConfigurationList = 18F3A6D81ECE8A140016CB55 /* Build configuration list for PBXNativeTarget "testCameraTests" */;
			buildPhases = (
				18F3A6BD1ECE8A140016CB55 /* Sources */,
				18F3A6BE1ECE8A140016CB55 /* Frameworks */,
				18F3A6BF1ECE8A140016CB55 /* Resources */,
			);
			buildRules = (
			);
			dependencies = (
				18F3A6C31ECE8A140016CB55 /* PBXTargetDependency */,
			);
			name = testCameraTests;
			productName = testCameraTests;
			productReference = 18F3A6C11ECE8A140016CB55 /* testCameraTests.xctest */;
			productType = "com.apple.product-type.bundle.unit-test";
		};
		18F3A6CB1ECE8A140016CB55 /* testCameraUITests */ = {
			isa = PBXNativeTarget;
			buildConfigurationList = 18F3A6DB1ECE8A140016CB55 /* Build configuration list for PBXNativeTarget "testCameraUITests" */;
			buildPhases = (
				18F3A6C81ECE8A140016CB55 /* Sources */,
				18F3A6C91ECE8A140016CB55 /* Frameworks */,
				18F3A6CA1ECE8A140016CB55 /* Resources */,
			);
			buildRules = (
			);
			dependencies = (
				18F3A6CE1ECE8A140016CB55 /* PBXTargetDependency */,
			);
			name = testCameraUITests;
			productName = testCameraUITests;
			productReference = 18F3A6CC1ECE8A140016CB55 /* testCameraUITests.xctest */;
			productType = "com.apple.product-type.bundle.ui-testing";
		};
/* End PBXNativeTarget section */

/* Begin PBXProject section */
		18F3A6A51ECE8A140016CB55 /* Project object */ = {
			isa = PBXProject;
			attributes = {
				LastSwiftUpdateCheck = 0830;
				LastUpgradeCheck = 0830;
				ORGANIZATIONNAME = Apple;
				TargetAttributes = {
					18F3A6AC1ECE8A140016CB55 = {
						CreatedOnToolsVersion = 8.3.2;
						ProvisioningStyle = Automatic;
					};
					18F3A6C01ECE8A140016CB55 = {
						CreatedOnToolsVersion = 8.3.2;
						ProvisioningStyle = Automatic;
						TestTargetID = 18F3A6AC1ECE8A140016CB55;
					};
					18F3A6CB1ECE8A140016CB55 = {
						CreatedOnToolsVersion = 8.3.2;
						ProvisioningStyle = Automatic;
						TestTargetID = 18F3A6AC1ECE8A140016CB55;
					};
				};
			};
			buildConfigurationList = 18F3A6A81ECE8A140016CB55 /* Build configuration list for PBXProject "testCamera" */;
			compatibilityVersion = "Xcode 3.2";
			developmentRegion = English;
			hasScannedForEncodings = 0;
			knownRegions = (
				en,
				Base,
			);
			mainGroup = 18F3A6A41ECE8A140016CB55;
			productRefGroup = 18F3A6AE1ECE8A140016CB55 /* Products */;
			projectDirPath = "";
			projectRoot = "";
			targets = (
				18F3A6AC1ECE8A140016CB55 /* testCamera */,
				18F3A6C01ECE8A140016CB55 /* testCameraTests */,
				18F3A6CB1ECE8A140016CB55 /* testCameraUITests */,
			);
		};
/* End PBXProject section */

/* Begin PBXResourcesBuildPhase section */
		18F3A6AB1ECE8A140016CB55 /* Resources */ = {
			isa = PBXResourcesBuildPhase;
			buildActionMask = 2147483647;
			files = (
				18F3A6BB1ECE8A140016CB55 /* LaunchScreen.storyboard in Resources */,
				18F3A6B81ECE8A140016CB55 /* Assets.xcassets in Resources */,
				18F3A6B61ECE8A140016CB55 /* Main.storyboard in Resources */,
			);
			runOnlyForDeploymentPostprocessing = 0;
		};
		18F3A6BF1ECE8A140016CB55 /* Resources */ = {
			isa = PBXResourcesBuildPhase;
			buildActionMask = 2147483647;
			files = (
			);
			runOnlyForDeploymentPostprocessing = 0;
		};
		18F3A6CA1ECE8A140016CB55 /* Resources */ = {
			isa = PBXResourcesBuildPhase;
			buildActionMask = 2147483647;
			files = (
			);
			runOnlyForDeploymentPostprocessing = 0;
		};
/* End PBXResourcesBuildPhase section */

/* Begin PBXSourcesBuildPhase section */
		18F3A6A91ECE8A140016CB55 /* Sources */ = {
			isa = PBXSourcesBuildPhase;
			buildActionMask = 2147483647;
			files = (
				18F3A6B31ECE8A140016CB55 /* ViewController.swift in Sources */,
				18F3A6B11ECE8A140016CB55 /* AppDelegate.swift in Sources */,
			);
			runOnlyForDeploymentPostprocessing = 0;
		};
		18F3A6BD1ECE8A140016CB55 /* Sources */ = {
			isa = PBXSourcesBuildPhase;
			buildActionMask = 2147483647;
			files = (
				18F3A6C61ECE8A140016CB55 /* testCameraTests.swift in Sources */,
			);
			runOnlyForDeploymentPostprocessing = 0;
		};
		18F3A6C81ECE8A140016CB55 /* Sources */ = {
			isa = PBXSourcesBuildPhase;
			buildActionMask = 2147483647;
			files = (
				18F3A6D11ECE8A140016CB55 /* testCameraUITests.swift in Sources */,
			);
			runOnlyForDeploymentPostprocessing = 0;
		};
/* End PBXSourcesBuildPhase section */

/* Begin PBXTargetDependency section */
		18F3A6C31ECE8A140016CB55 /* PBXTargetDependency */ = {
			isa = PBXTargetDependency;
			target = 18F3A6AC1ECE8A140016CB55 /* testCamera */;
			targetProxy = 18F3A6C21ECE8A140016CB55 /* PBXContainerItemProxy */;
		};
		18F3A6CE1ECE8A140016CB55 /* PBXTargetDependency */ = {
			isa = PBXTargetDependency;
			target = 18F3A6AC1ECE8A140016CB55 /* testCamera */;
			targetProxy = 18F3A6CD1ECE8A140016CB55 /* PBXContainerItemProxy */;
		};
/* End PBXTargetDependency section */

/* Begin PBXVariantGroup section */
		18F3A6B41ECE8A140016CB55 /* Main.storyboard */ = {
			isa = PBXVariantGroup;
			children = (
				18F3A6B51ECE8A140016CB55 /* Base */,
			);
			name = Main.storyboard;
			sourceTree = "<group>";
		};
		18F3A6B91ECE8A140016CB55 /* LaunchScreen.storyboard */ = {
			isa = PBXVariantGroup;
			children = (
				18F3A6BA1ECE8A140016CB55 /* Base */,
			);
			name = LaunchScreen.storyboard;
			sourceTree = "<group>";
		};
/* End PBXVariantGroup section */

/* Begin XCBuildConfiguration section */
		18F3A6D31ECE8A140016CB55 /* Debug */ = {
			isa = XCBuildConfiguration;
			buildSettings = {
				ALWAYS_SEARCH_USER_PATHS = NO;
				CLANG_ANALYZER_NONNULL = YES;
				CLANG_ANALYZER_NUMBER_OBJECT_CONVERSION = YES_AGGRESSIVE;
				CLANG_CXX_LANGUAGE_STANDARD = "gnu++0x";
				CLANG_CXX_LIBRARY = "libc++";
				CLANG_ENABLE_MODULES = YES;
				CLANG_ENABLE_OBJC_ARC = YES;
				CLANG_WARN_BOOL_CONVERSION = YES;
				CLANG_WARN_CONSTANT_CONVERSION = YES;
				CLANG_WARN_DIRECT_OBJC_ISA_USAGE = YES_ERROR;
				CLANG_WARN_DOCUMENTATION_COMMENTS = YES;
				CLANG_WARN_EMPTY_BODY = YES;
				CLANG_WARN_ENUM_CONVERSION = YES;
				CLANG_WARN_INFINITE_RECURSION = YES;
				CLANG_WARN_INT_CONVERSION = YES;
				CLANG_WARN_OBJC_ROOT_CLASS = YES_ERROR;
				CLANG_WARN_SUSPICIOUS_MOVE = YES;
				CLANG_WARN_UNREACHABLE_CODE = YES;
				CLANG_WARN__DUPLICATE_METHOD_MATCH = YES;
				"CODE_SIGN_IDENTITY[sdk=iphoneos*]" = "iPhone Developer";
				COPY_PHASE_STRIP = NO;
				DEBUG_INFORMATION_FORMAT = dwarf;
				ENABLE_STRICT_OBJC_MSGSEND = YES;
				ENABLE_TESTABILITY = YES;
				GCC_C_LANGUAGE_STANDARD = gnu99;
				GCC_DYNAMIC_NO_PIC = NO;
				GCC_NO_COMMON_BLOCKS = YES;
				GCC_OPTIMIZATION_LEVEL = 0;
				GCC_PREPROCESSOR_DEFINITIONS = (
					"DEBUG=1",
					"$(inherited)",
				);
				GCC_WARN_64_TO_32_BIT_CONVERSION = YES;
				GCC_WARN_ABOUT_RETURN_TYPE = YES_ERROR;
				GCC_WARN_UNDECLARED_SELECTOR = YES;
				GCC_WARN_UNINITIALIZED_AUTOS = YES_AGGRESSIVE;
				GCC_WARN_UNUSED_FUNCTION = YES;
				GCC_WARN_UNUSED_VARIABLE = YES;
				IPHONEOS_DEPLOYMENT_TARGET = 10.3;
				MTL_ENABLE_DEBUG_INFO = YES;
				ONLY_ACTIVE_ARCH = YES;
				SDKROOT = iphoneos;
				SWIFT_ACTIVE_COMPILATION_CONDITIONS = DEBUG;
				SWIFT_OPTIMIZATION_LEVEL = "-Onone";
				TARGETED_DEVICE_FAMILY = "1,2";
			};
			name = Debug;
		};
		18F3A6D41ECE8A140016CB55 /* Release */ = {
			isa = XCBuildConfiguration;
			buildSettings = {
				ALWAYS_SEARCH_USER_PATHS = NO;
				CLANG_ANALYZER_NONNULL = YES;
				CLANG_ANALYZER_NUMBER_OBJECT_CONVERSION = YES_AGGRESSIVE;
				CLANG_CXX_LANGUAGE_STANDARD = "gnu++0x";
				CLANG_CXX_LIBRARY = "libc++";
				CLANG_ENABLE_MODULES = YES;
				CLANG_ENABLE_OBJC_ARC = YES;
				CLANG_WARN_BOOL_CONVERSION = YES;
				CLANG_WARN_CONSTANT_CONVERSION = YES;
				CLANG_WARN_DIRECT_OBJC_ISA_USAGE = YES_ERROR;
				CLANG_WARN_DOCUMENTATION_COMMENTS = YES;
				CLANG_WARN_EMPTY_BODY = YES;
				CLANG_WARN_ENUM_CONVERSION = YES;
				CLANG_WARN_INFINITE_RECURSION = YES;
				CLANG_WARN_INT_CONVERSION = YES;
				CLANG_WARN_OBJC_ROOT_CLASS = YES_ERROR;
				CLANG_WARN_SUSPICIOUS_MOVE = YES;
				CLANG_WARN_UNREACHABLE_CODE = YES;
				CLANG_WARN__DUPLICATE_METHOD_MATCH = YES;
				"CODE_SIGN_IDENTITY[sdk=iphoneos*]" = "iPhone Developer";
				COPY_PHASE_STRIP = NO;
				DEBUG_INFORMATION_FORMAT = "dwarf-with-dsym";
				ENABLE_NS_ASSERTIONS = NO;
				ENABLE_STRICT_OBJC_MSGSEND = YES;
				GCC_C_LANGUAGE_STANDARD = gnu99;
				GCC_NO_COMMON_BLOCKS = YES;
				GCC_WARN_64_TO_32_BIT_CONVERSION = YES;
				GCC_WARN_ABOUT_RETURN_TYPE = YES_ERROR;
				GCC_WARN_UNDECLARED_SELECTOR = YES;
				GCC_WARN_UNINITIALIZED_AUTOS = YES_AGGRESSIVE;
				GCC_WARN_UNUSED_FUNCTION = YES;
				GCC_WARN_UNUSED_VARIABLE = YES;
				IPHONEOS_DEPLOYMENT_TARGET = 10.3;
				MTL_ENABLE_DEBUG_INFO = NO;
				SDKROOT = iphoneos;
				SWIFT_OPTIMIZATION_LEVEL = "-Owholemodule";
				TARGETED_DEVICE_FAMILY = "1,2";
				VALIDATE_PRODUCT = YES;
			};
			name = Release;
		};
		18F3A6D61ECE8A140016CB55 /* Debug */ = {
			isa = XCBuildConfiguration;
			buildSettings = {
				ASSETCATALOG_COMPILER_APPICON_NAME = AppIcon;
				INFOPLIST_FILE = testCamera/Info.plist;
				LD_RUNPATH_SEARCH_PATHS = "$(inherited) @executable_path/Frameworks";
				PRODUCT_BUNDLE_IDENTIFIER = TMCF.testCamera;
				PRODUCT_NAME = "$(TARGET_NAME)";
				SWIFT_VERSION = 3.0;
			};
			name = Debug;
		};
		18F3A6D71ECE8A140016CB55 /* Release */ = {
			isa = XCBuildConfiguration;
			buildSettings = {
				ASSETCATALOG_COMPILER_APPICON_NAME = AppIcon;
				INFOPLIST_FILE = testCamera/Info.plist;
				LD_RUNPATH_SEARCH_PATHS = "$(inherited) @executable_path/Frameworks";
				PRODUCT_BUNDLE_IDENTIFIER = TMCF.testCamera;
				PRODUCT_NAME = "$(TARGET_NAME)";
				SWIFT_VERSION = 3.0;
			};
			name = Release;
		};
		18F3A6D91ECE8A140016CB55 /* Debug */ = {
			isa = XCBuildConfiguration;
			buildSettings = {
				ALWAYS_EMBED_SWIFT_STANDARD_LIBRARIES = YES;
				BUNDLE_LOADER = "$(TEST_HOST)";
				INFOPLIST_FILE = testCameraTests/Info.plist;
				LD_RUNPATH_SEARCH_PATHS = "$(inherited) @executable_path/Frameworks @loader_path/Frameworks";
				PRODUCT_BUNDLE_IDENTIFIER = TMCF.testCameraTests;
				PRODUCT_NAME = "$(TARGET_NAME)";
				SWIFT_VERSION = 3.0;
				TEST_HOST = "$(BUILT_PRODUCTS_DIR)/testCamera.app/testCamera";
			};
			name = Debug;
		};
		18F3A6DA1ECE8A140016CB55 /* Release */ = {
			isa = XCBuildConfiguration;
			buildSettings = {
				ALWAYS_EMBED_SWIFT_STANDARD_LIBRARIES = YES;
				BUNDLE_LOADER = "$(TEST_HOST)";
				INFOPLIST_FILE = testCameraTests/Info.plist;
				LD_RUNPATH_SEARCH_PATHS = "$(inherited) @executable_path/Frameworks @loader_path/Frameworks";
				PRODUCT_BUNDLE_IDENTIFIER = TMCF.testCameraTests;
				PRODUCT_NAME = "$(TARGET_NAME)";
				SWIFT_VERSION = 3.0;
				TEST_HOST = "$(BUILT_PRODUCTS_DIR)/testCamera.app/testCamera";
			};
			name = Release;
		};
		18F3A6DC1ECE8A140016CB55 /* Debug */ = {
			isa = XCBuildConfiguration;
			buildSettings = {
				ALWAYS_EMBED_SWIFT_STANDARD_LIBRARIES = YES;
				INFOPLIST_FILE = testCameraUITests/Info.plist;
				LD_RUNPATH_SEARCH_PATHS = "$(inherited) @executable_path/Frameworks @loader_path/Frameworks";
				PRODUCT_BUNDLE_IDENTIFIER = TMCF.testCameraUITests;
				PRODUCT_NAME = "$(TARGET_NAME)";
				SWIFT_VERSION = 3.0;
				TEST_TARGET_NAME = testCamera;
			};
			name = Debug;
		};
		18F3A6DD1ECE8A140016CB55 /* Release */ = {
			isa = XCBuildConfiguration;
			buildSettings = {
				ALWAYS_EMBED_SWIFT_STANDARD_LIBRARIES = YES;
				INFOPLIST_FILE = testCameraUITests/Info.plist;
				LD_RUNPATH_SEARCH_PATHS = "$(inherited) @executable_path/Frameworks @loader_path/Frameworks";
				PRODUCT_BUNDLE_IDENTIFIER = TMCF.testCameraUITests;
				PRODUCT_NAME = "$(TARGET_NAME)";
				SWIFT_VERSION = 3.0;
				TEST_TARGET_NAME = testCamera;
			};
			name = Release;
		};
/* End XCBuildConfiguration section */

/* Begin XCConfigurationList section */
		18F3A6A81ECE8A140016CB55 /* Build configuration list for PBXProject "testCamera" */ = {
			isa = XCConfigurationList;
			buildConfigurations = (
				18F3A6D31ECE8A140016CB55 /* Debug */,
				18F3A6D41ECE8A140016CB55 /* Release */,
			);
			defaultConfigurationIsVisible = 0;
			defaultConfigurationName = Release;
		};
		18F3A6D51ECE8A140016CB55 /* Build configuration list for PBXNativeTarget "testCamera" */ = {
			isa = XCConfigurationList;
			buildConfigurations = (
				18F3A6D61ECE8A140016CB55 /* Debug */,
				18F3A6D71ECE8A140016CB55 /* Release */,
			);
			defaultConfigurationIsVisible = 0;
		};
		18F3A6D81ECE8A140016CB55 /* Build configuration list for PBXNativeTarget "testCameraTests" */ = {
			isa = XCConfigurationList;
			buildConfigurations = (
				18F3A6D91ECE8A140016CB55 /* Debug */,
				18F3A6DA1ECE8A140016CB55 /* Release */,
			);
			defaultConfigurationIsVisible = 0;
		};
		18F3A6DB1ECE8A140016CB55 /* Build configuration list for PBXNativeTarget "testCameraUITests" */ = {
			isa = XCConfigurationList;
			buildConfigurations = (
				18F3A6DC1ECE8A140016CB55 /* Debug */,
				18F3A6DD1ECE8A140016CB55 /* Release */,
			);
			defaultConfigurationIsVisible = 0;
		};
/* End XCConfigurationList section */
	};
	rootObject = 18F3A6A51ECE8A140016CB55 /* Project object */;
}
